
Microsoft Visual Studio Solution File, Format Version 12.00
# Visual Studio Version 16
VisualStudioVersion = 16.0.30104.148
MinimumVisualStudioVersion = 10.0.40219.1
Project("{FAE04EC0-301F-11D3-BF4B-00C04F79EFBC}") = "Hospital", "Hospital\Hospital.csproj", "{44D87267-88C0-4452-8668-AE204A037889}"
EndProject
Global
	GlobalSection(SolutionConfigurationPlatforms) = preSolution
		Debug|Any CPU = Debug|Any CPU
		Release|Any CPU = Release|Any CPU
	EndGlobalSection
	GlobalSection(ProjectConfigurationPlatforms) = postSolution
		{44D87267-88C0-4452-8668-AE204A037889}.Debug|Any CPU.ActiveCfg = Debug|Any CPU
		{44D87267-88C0-4452-8668-AE204A037889}.Debug|Any CPU.Build.0 = Debug|Any CPU
		{44D87267-88C0-4452-8668-AE204A037889}.Release|Any CPU.ActiveCfg = Release|Any CPU
		{44D87267-88C0-4452-8668-AE204A037889}.Release|Any CPU.Build.0 = Release|Any CPU
	EndGlobalSection
	GlobalSection(SolutionProperties) = preSolution
		HideSolutionNode = FALSE
	EndGlobalSection
	GlobalSection(ExtensibilityGlobals) = postSolution
		SolutionGuid = {6FA045CE-A459-4293-9F5B-0FBB1ACE7A7A}
	EndGlobalSection
EndGlobal
